
Microsoft Visual Studio Solution File, Format Version 12.00
# Visual Studio Version 17
VisualStudioVersion = 17.7.34031.279
MinimumVisualStudioVersion = 10.0.40219.1
Project("{FAE04EC0-301F-11D3-BF4B-00C04F79EFBC}") = "RemoteControlWPFClient", "RemoteControlWPFClient\RemoteControlWPFClient.csproj", "{95889C21-F1C0-4E4B-ADA4-C6F6D53FE47F}"
EndProject
Global
	GlobalSection(SolutionConfigurationPlatforms) = preSolution
		Debug|Any CPU = Debug|Any CPU
		Release|Any CPU = Release|Any CPU
	EndGlobalSection
	GlobalSection(ProjectConfigurationPlatforms) = postSolution
		{95889C21-F1C0-4E4B-ADA4-C6F6D53FE47F}.Debug|Any CPU.ActiveCfg = Debug|Any CPU
		{95889C21-F1C0-4E4B-ADA4-C6F6D53FE47F}.Debug|Any CPU.Build.0 = Debug|Any CPU
		{95889C21-F1C0-4E4B-ADA4-C6F6D53FE47F}.Release|Any CPU.ActiveCfg = Release|Any CPU
		{95889C21-F1C0-4E4B-ADA4-C6F6D53FE47F}.Release|Any CPU.Build.0 = Release|Any CPU
	EndGlobalSection
	GlobalSection(SolutionProperties) = preSolution
		HideSolutionNode = FALSE
	EndGlobalSection
	GlobalSection(ExtensibilityGlobals) = postSolution
		SolutionGuid = {7818E094-3C59-461A-AA6F-625A5CAC1A82}
	EndGlobalSection
EndGlobal
